<?xml version="1.0" encoding="utf-8"?>
<Project ToolsVersion="4.0" xmlns="http://schemas.microsoft.com/developer/msbuild/2003">
  <ItemGroup>
    <Filter Include="Source Files">
      <UniqueIdentifier>{4FC737F1-C7A5-4376-A066-2A32D752A2FF}</UniqueIdentifier>
      <Extensions>cpp;c;cc;cxx;def;odl;idl;hpj;bat;asm;asmx</Extensions>
    </Filter>
    <Filter Include="Header Files">
      <UniqueIdentifier>{93995380-89BD-4b04-88EB-625FBE52EBFB}</UniqueIdentifier>
      <Extensions>h;hh;hpp;hxx;hm;inl;inc;ipp;xsd</Extensions>
    </Filter>
    <Filter Include="Resource Files">
      <UniqueIdentifier>{67DA6AB6-F800-4c08-8B7A-83BB121AAD01}</UniqueIdentifier>
      <Extensions>rc;ico;cur;bmp;dlg;rc2;rct;bin;rgs;gif;jpg;jpeg;jpe;resx;tiff;tif;png;wav;mfcribbon-ms</Extensions>
    </Filter>
    <Filter Include="Header Files\HyperV">
      <UniqueIdentifier>{03b94e68-4d08-4a5c-8f49-e5779cf6ba31}</UniqueIdentifier>
    </Filter>
  </ItemGroup>
  <ItemGroup>
    <ClInclude Include="stdafx.h">
      <Filter>Header Files</Filter>
    </ClInclude>
    <ClInclude Include="targetver.h">
      <Filter>Header Files</Filter>
    </ClInclude>
    <ClInclude Include="dmp.h">
      <Filter>Header Files</Filter>
    </ClInclude>
    <ClInclude Include="hooker.h">
      <Filter>Header Files</Filter>
    </ClInclude>
    <ClInclude Include="hvdd.h">
      <Filter>Header Files</Filter>
    </ClInclude>
    <ClInclude Include="misc.h">
      <Filter>Header Files</Filter>
    </ClInclude>
    <ClInclude Include="..\LiveCloudKdSdk\LiveCloudKdSdk\include\public\HyperV\vid.h">
      <Filter>Header Files\HyperV</Filter>
    </ClInclude>
    <ClInclude Include="..\LiveCloudKdSdk\LiveCloudKdSdk\include\public\HyperV\viddefs.h">
      <Filter>Header Files\HyperV</Filter>
    </ClInclude>
    <ClInclude Include="..\LiveCloudKdSdk\LiveCloudKdSdk\include\public\HyperV\hvgdk.h">
      <Filter>Header Files\HyperV</Filter>
    </ClInclude>
    <ClInclude Include="..\LiveCloudKdSdk\LiveCloudKdSdk\include\public\LiveCloudKdSdkPublic.h">
      <Filter>Header Files</Filter>
    </ClInclude>
    <ClInclude Include="resource.h">
      <Filter>Header Files</Filter>
    </ClInclude>
  </ItemGroup>
  <ItemGroup>
    <ClCompile Include="misc.c">
      <Filter>Source Files</Filter>
    </ClCompile>
    <ClCompile Include="dump.c">
      <Filter>Source Files</Filter>
    </ClCompile>
    <ClCompile Include="file.c">
      <Filter>Source Files</Filter>
    </ClCompile>
    <ClCompile Include="hooker.c">
      <Filter>Source Files</Filter>
    </ClCompile>
    <ClCompile Include="kd.c">
      <Filter>Source Files</Filter>
    </ClCompile>
    <ClCompile Include="livecloudkd.c">
      <Filter>Source Files</Filter>
    </ClCompile>
  </ItemGroup>
</Project>